# This file is automatically @generated by Cargo.
# It is not intended for manual editing.
version = 4

[[package]]
name = "palka-core"
version = "0.1.0"

[[package]]
name = "palka-service"
version = "0.1.0"
dependencies = [
 "palka-core",
 "palka-windows-platform",
]

[[package]]
name = "palka-tray"
version = "0.1.0"
dependencies = [
 "palka-core",
]

[[package]]
name = "palka-windows-platform"
version = "0.1.0"
dependencies = [
 "palka-core",
]
